
Microsoft Visual Studio Solution File, Format Version 12.00
# Visual Studio 2012
Project("{FAE04EC0-301F-11D3-BF4B-00C04F79EFBC}") = "JARVIS.Shared", "JARVIS.Shared\JARVIS.Shared.csproj", "{99657CFB-F0FB-44F8-B4CB-370D44383A44}"
EndProject
Project("{FAE04EC0-301F-11D3-BF4B-00C04F79EFBC}") = "JARVIS.Shard", "JARVIS.Shard\JARVIS.Shard.csproj", "{49E0264F-12BC-45D5-9111-E2BD49806D9D}"
EndProject
Project("{FAE04EC0-301F-11D3-BF4B-00C04F79EFBC}") = "JARVIS.Core", "JARVIS.Core\JARVIS.Core.csproj", "{81511201-7016-4D96-9463-BB5433DC778C}"
EndProject
Project("{FAE04EC0-301F-11D3-BF4B-00C04F79EFBC}") = "JARVIS", "JARVIS\JARVIS.csproj", "{6A3D0BE6-309B-48BC-980E-E994515FB39F}"
EndProject
Global
	GlobalSection(SolutionConfigurationPlatforms) = preSolution
		Debug|x86 = Debug|x86
		Release|x86 = Release|x86
		Deploy|x86 = Deploy|x86
	EndGlobalSection
	GlobalSection(ProjectConfigurationPlatforms) = postSolution
		{99657CFB-F0FB-44F8-B4CB-370D44383A44}.Debug|x86.ActiveCfg = Debug|Any CPU
		{99657CFB-F0FB-44F8-B4CB-370D44383A44}.Debug|x86.Build.0 = Debug|Any CPU
		{99657CFB-F0FB-44F8-B4CB-370D44383A44}.Release|x86.ActiveCfg = Release|Any CPU
		{99657CFB-F0FB-44F8-B4CB-370D44383A44}.Release|x86.Build.0 = Release|Any CPU
		{49E0264F-12BC-45D5-9111-E2BD49806D9D}.Debug|x86.ActiveCfg = Debug|Any CPU
		{49E0264F-12BC-45D5-9111-E2BD49806D9D}.Debug|x86.Build.0 = Debug|Any CPU
		{49E0264F-12BC-45D5-9111-E2BD49806D9D}.Release|x86.ActiveCfg = Release|Any CPU
		{49E0264F-12BC-45D5-9111-E2BD49806D9D}.Release|x86.Build.0 = Release|Any CPU
		{81511201-7016-4D96-9463-BB5433DC778C}.Debug|x86.ActiveCfg = Debug|Any CPU
		{81511201-7016-4D96-9463-BB5433DC778C}.Debug|x86.Build.0 = Debug|Any CPU
		{81511201-7016-4D96-9463-BB5433DC778C}.Release|x86.ActiveCfg = Release|Any CPU
		{81511201-7016-4D96-9463-BB5433DC778C}.Release|x86.Build.0 = Release|Any CPU
		{6A3D0BE6-309B-48BC-980E-E994515FB39F}.Debug|x86.ActiveCfg = Debug|Any CPU
		{6A3D0BE6-309B-48BC-980E-E994515FB39F}.Debug|x86.Build.0 = Debug|Any CPU
		{6A3D0BE6-309B-48BC-980E-E994515FB39F}.Release|x86.ActiveCfg = Release|Any CPU
		{6A3D0BE6-309B-48BC-980E-E994515FB39F}.Release|x86.Build.0 = Release|Any CPU
	EndGlobalSection
	GlobalSection(MonoDevelopProperties) = preSolution
		Policies = $0
		$0.DotNetNamingPolicy = $1
		$1.DirectoryNamespaceAssociation = PrefixedHierarchical
		$0.TextStylePolicy = $2
		$2.inheritsSet = null
		$2.scope = text/x-csharp
		$0.CSharpFormattingPolicy = $3
		$3.scope = text/x-csharp
		$0.StandardHeader = $4
		$0.VersionControlPolicy = $5
		version = 1.0
	EndGlobalSection
EndGlobal
