
Microsoft Visual Studio Solution File, Format Version 12.00
# Visual Studio 2012
Project("{FAE04EC0-301F-11D3-BF4B-00C04F79EFBC}") = "JARVIS.Shard", "JARVIS.Shard\JARVIS.Shard.csproj", "{49E0264F-12BC-45D5-9111-E2BD49806D9D}"
EndProject
Project("{FAE04EC0-301F-11D3-BF4B-00C04F79EFBC}") = "JARVIS", "JARVIS\JARVIS.csproj", "{6A3D0BE6-309B-48BC-980E-E994515FB39F}"
EndProject
Project("{FAE04EC0-301F-11D3-BF4B-00C04F79EFBC}") = "JARVIS.Core", "JARVIS.Core\JARVIS.Core.csproj", "{6871A512-0963-45E9-A106-A73DCFA06F0D}"
EndProject
Project("{FAE04EC0-301F-11D3-BF4B-00C04F79EFBC}") = "JARVIS.Shared", "JARVIS.Shared\JARVIS.Shared.csproj", "{AC4837B9-8171-4446-805C-4EE3855467E2}"
EndProject
Project("{2150E333-8FDC-42A3-9474-1A3956D46DE8}") = "Libraries", "Libraries", "{139A5401-B2FB-49AB-8C93-F84C2B85AEEC}"
EndProject
Project("{FAE04EC0-301F-11D3-BF4B-00C04F79EFBC}") = "JARVIS.Client.Mac", "JARVIS.Client.Mac\JARVIS.Client.Mac.csproj", "{5A3287BA-117F-4B2D-8CC8-2388397F1AF9}"
EndProject
Project("{2150E333-8FDC-42A3-9474-1A3956D46DE8}") = "Clients", "Clients", "{209A2749-F7F1-4F09-80E6-E980B7C1C4D0}"
EndProject
Project("{2150E333-8FDC-42A3-9474-1A3956D46DE8}") = "CLI", "CLI", "{4737ABAE-5B87-4360-A796-BF575FC76C05}"
EndProject
Project("{FAE04EC0-301F-11D3-BF4B-00C04F79EFBC}") = "JARVIS.Client", "JARVIS.Client\JARVIS.Client.csproj", "{5512A9F5-399C-4502-A900-A25405526DD6}"
EndProject
Global
	GlobalSection(SolutionConfigurationPlatforms) = preSolution
		Debug|x86 = Debug|x86
		Release|x86 = Release|x86
		Deploy|x86 = Deploy|x86
	EndGlobalSection
	GlobalSection(ProjectConfigurationPlatforms) = postSolution
		{49E0264F-12BC-45D5-9111-E2BD49806D9D}.Debug|x86.ActiveCfg = Debug|Any CPU
		{49E0264F-12BC-45D5-9111-E2BD49806D9D}.Debug|x86.Build.0 = Debug|Any CPU
		{49E0264F-12BC-45D5-9111-E2BD49806D9D}.Release|x86.ActiveCfg = Release|Any CPU
		{49E0264F-12BC-45D5-9111-E2BD49806D9D}.Release|x86.Build.0 = Release|Any CPU
		{6A3D0BE6-309B-48BC-980E-E994515FB39F}.Debug|x86.ActiveCfg = Debug|Any CPU
		{6A3D0BE6-309B-48BC-980E-E994515FB39F}.Debug|x86.Build.0 = Debug|Any CPU
		{6A3D0BE6-309B-48BC-980E-E994515FB39F}.Release|x86.ActiveCfg = Release|Any CPU
		{6A3D0BE6-309B-48BC-980E-E994515FB39F}.Release|x86.Build.0 = Release|Any CPU
		{6871A512-0963-45E9-A106-A73DCFA06F0D}.Debug|x86.ActiveCfg = Debug|Any CPU
		{6871A512-0963-45E9-A106-A73DCFA06F0D}.Debug|x86.Build.0 = Debug|Any CPU
		{6871A512-0963-45E9-A106-A73DCFA06F0D}.Release|x86.ActiveCfg = Release|Any CPU
		{6871A512-0963-45E9-A106-A73DCFA06F0D}.Release|x86.Build.0 = Release|Any CPU
		{6871A512-0963-45E9-A106-A73DCFA06F0D}.Deploy|x86.ActiveCfg = Debug|Any CPU
		{6871A512-0963-45E9-A106-A73DCFA06F0D}.Deploy|x86.Build.0 = Debug|Any CPU
		{AC4837B9-8171-4446-805C-4EE3855467E2}.Debug|x86.ActiveCfg = Debug|Any CPU
		{AC4837B9-8171-4446-805C-4EE3855467E2}.Debug|x86.Build.0 = Debug|Any CPU
		{AC4837B9-8171-4446-805C-4EE3855467E2}.Release|x86.ActiveCfg = Release|Any CPU
		{AC4837B9-8171-4446-805C-4EE3855467E2}.Release|x86.Build.0 = Release|Any CPU
		{AC4837B9-8171-4446-805C-4EE3855467E2}.Deploy|x86.ActiveCfg = Debug|Any CPU
		{AC4837B9-8171-4446-805C-4EE3855467E2}.Deploy|x86.Build.0 = Debug|Any CPU
		{5A3287BA-117F-4B2D-8CC8-2388397F1AF9}.Debug|x86.ActiveCfg = Debug|x86
		{5A3287BA-117F-4B2D-8CC8-2388397F1AF9}.Debug|x86.Build.0 = Debug|x86
		{5A3287BA-117F-4B2D-8CC8-2388397F1AF9}.Release|x86.ActiveCfg = Release|x86
		{5A3287BA-117F-4B2D-8CC8-2388397F1AF9}.Release|x86.Build.0 = Release|x86
		{5A3287BA-117F-4B2D-8CC8-2388397F1AF9}.Deploy|x86.ActiveCfg = Debug|x86
		{5A3287BA-117F-4B2D-8CC8-2388397F1AF9}.Deploy|x86.Build.0 = Debug|x86
		{5512A9F5-399C-4502-A900-A25405526DD6}.Debug|x86.ActiveCfg = Debug|Any CPU
		{5512A9F5-399C-4502-A900-A25405526DD6}.Debug|x86.Build.0 = Debug|Any CPU
		{5512A9F5-399C-4502-A900-A25405526DD6}.Release|x86.ActiveCfg = Release|Any CPU
		{5512A9F5-399C-4502-A900-A25405526DD6}.Release|x86.Build.0 = Release|Any CPU
		{5512A9F5-399C-4502-A900-A25405526DD6}.Deploy|x86.ActiveCfg = Debug|Any CPU
		{5512A9F5-399C-4502-A900-A25405526DD6}.Deploy|x86.Build.0 = Debug|Any CPU
	EndGlobalSection
	GlobalSection(MonoDevelopProperties) = preSolution
		Policies = $0
		$0.DotNetNamingPolicy = $1
		$1.DirectoryNamespaceAssociation = PrefixedHierarchical
		$0.TextStylePolicy = $2
		$2.inheritsSet = null
		$2.scope = text/x-csharp
		$0.CSharpFormattingPolicy = $3
		$3.scope = text/x-csharp
		$0.StandardHeader = $4
		$0.VersionControlPolicy = $5
		version = 1.0
	EndGlobalSection
	GlobalSection(NestedProjects) = preSolution
		{6871A512-0963-45E9-A106-A73DCFA06F0D} = {139A5401-B2FB-49AB-8C93-F84C2B85AEEC}
		{AC4837B9-8171-4446-805C-4EE3855467E2} = {139A5401-B2FB-49AB-8C93-F84C2B85AEEC}
		{5A3287BA-117F-4B2D-8CC8-2388397F1AF9} = {209A2749-F7F1-4F09-80E6-E980B7C1C4D0}
		{6A3D0BE6-309B-48BC-980E-E994515FB39F} = {4737ABAE-5B87-4360-A796-BF575FC76C05}
		{49E0264F-12BC-45D5-9111-E2BD49806D9D} = {4737ABAE-5B87-4360-A796-BF575FC76C05}
		{5512A9F5-399C-4502-A900-A25405526DD6} = {139A5401-B2FB-49AB-8C93-F84C2B85AEEC}
	EndGlobalSection
EndGlobal
